# This file is automatically @generated by Poetry 2.4.1 and should not be changed by hand.

[[package]]
name = "nodeenv"
version = "1.10.0"
description = "Node.js virtual environment builder"
optional = true
python-versions = "!=3.0.*,!=3.1.*,!=3.2.*,!=3.3.*,!=3.4.*,!=3.5.*,!=3.6.*,>=2.7"
groups = ["main"]
markers = "extra == \"dev\""
files = [
    {file = "nodeenv-1.10.0-py2.py3-none-any.whl", hash = "sha256:5bb13e3eed2923615535339b3c620e76779af4cb4c6a90deccc9e36b274d3827"},
    {file = "nodeenv-1.10.0.tar.gz", hash = "sha256:996c191ad80897d076bdfba80a41994c2b47c68e224c542b48feba42ba00f8bb"},
]

[[package]]
name = "pyright"
version = "1.1.409"
description = "Command line wrapper for pyright"
optional = true
python-versions = ">=3.7"
groups = ["main"]
markers = "extra == \"dev\""
files = [
    {file = "pyright-1.1.409-py3-none-any.whl", hash = "sha256:aa3ea228cab90c845c7a60d28db7a844c04315356392aa09fafcee98c8c22fb3"},
    {file = "pyright-1.1.409.tar.gz", hash = "sha256:986ee05beca9e077c165758ad123667c679e050059a2546aa02473930394bc93"},
]

[package.dependencies]
nodeenv = ">=1.6.0"
typing-extensions = ">=4.1"

[package.extras]
all = ["nodejs-wheel-binaries", "twine (>=3.4.1)"]
dev = ["twine (>=3.4.1)"]
nodejs = ["nodejs-wheel-binaries"]

[[package]]
name = "ruff"
version = "0.15.15"
description = "An extremely fast Python linter and code formatter, written in Rust."
optional = true
python-versions = ">=3.7"
groups = ["main"]
markers = "extra == \"dev\""
files = [
    {file = "ruff-0.15.15-py3-none-linux_armv6l.whl", hash = "sha256:cf93e5388f412e1b108b1f8b34a6e036b70fe8aff89393befad96fe48670311b"},
    {file = "ruff-0.15.15-py3-none-macosx_10_12_x86_64.whl", hash = "sha256:ac5a646d1f6a7dadd5d50842dae2c1f9862ac887ef5d1b1375e02def791fde6e"},
    {file = "ruff-0.15.15-py3-none-macosx_11_0_arm64.whl", hash = "sha256:77d955a431430c66f72dd94e379ad38a16daea3d25094872ac4edf9e797be530"},
    {file = "ruff-0.15.15-py3-none-manylinux_2_17_aarch64.manylinux2014_aarch64.whl", hash = "sha256:7614ee79c69788cf6cedd568069ade9cecc22a1ad20494efe8d0c9ebb4b622d4"},
    {file = "ruff-0.15.15-py3-none-manylinux_2_17_armv7l.manylinux2014_armv7l.whl", hash = "sha256:3cdb1679e06a1f6b47bc384714ae96f6e2fb65ca441eb78c43d2ca554176ce1f"},
    {file = "ruff-0.15.15-py3-none-manylinux_2_17_i686.manylinux2014_i686.whl", hash = "sha256:2728b93d7b23a603ea2c0ac6eb73d760bd38ec9de35f35fb41e18f7a3fee7622"},
    {file = "ruff-0.15.15-py3-none-manylinux_2_17_ppc64le.manylinux2014_ppc64le.whl", hash = "sha256:be582fcc0db438902c7792b08d6ddf6c9b9e21addaa10092c2c741cfb09e5a45"},
    {file = "ruff-0.15.15-py3-none-manylinux_2_17_s390x.manylinux2014_s390x.whl", hash = "sha256:7aa77465b8ecaf1a27bea098d696f7fed5e1eccbd10b321b682d6de586ae5627"},
    {file = "ruff-0.15.15-py3-none-manylinux_2_17_x86_64.manylinux2014_x86_64.whl", hash = "sha256:48decfa11d740de4889de623be1463308346312f2409a56e24aa280c86162dc4"},
    {file = "ruff-0.15.15-py3-none-manylinux_2_31_riscv64.whl", hash = "sha256:a5015088452ca0081387063649ec67f06d3d1d6b8b936a1f836b5e9657ecd48c"},
    {file = "ruff-0.15.15-py3-none-musllinux_1_2_aarch64.whl", hash = "sha256:f5294aab6356c81600fcdea3a62bb1b924dfd5e91767c12318d3f68f86af57cd"},
    {file = "ruff-0.15.15-py3-none-musllinux_1_2_armv7l.whl", hash = "sha256:db5bd4d802415cca656dc1616070b725952d6ae95eb5d4831e49fbd94a38f75f"},
    {file = "ruff-0.15.15-py3-none-musllinux_1_2_i686.whl", hash = "sha256:587a6278ed42059191c1a466e490bd7930fb50bd2e255398bc29616c895a61cb"},
    {file = "ruff-0.15.15-py3-none-musllinux_1_2_x86_64.whl", hash = "sha256:df0c1c084f5f4be9812f61518a45c440d3c30d69ce4bf6c5270e66d38338f02a"},
    {file = "ruff-0.15.15-py3-none-win32.whl", hash = "sha256:29428ea79694afbe756d45fd59b36f22b6b020dc0443cf7de0173046236964b9"},
    {file = "ruff-0.15.15-py3-none-win_amd64.whl", hash = "sha256:8df0323902e15e24bc4bf246da830573d3cf3352bd0b9a164eab335d111ff4a4"},
    {file = "ruff-0.15.15-py3-none-win_arm64.whl", hash = "sha256:3c8ceca6792f38196b8f589bc92eccd03eef286602da92e5dc05cc42ef6441b7"},
    {file = "ruff-0.15.15.tar.gz", hash = "sha256:b8dff018130b46d8e5bf0f926ef6b60cf871d6d5ae45fc9334e09632daa741d6"},
]

[[package]]
name = "tree-sitter"
version = "0.25.2"
description = "Python bindings to the Tree-sitter parsing library"
optional = false
python-versions = ">=3.10"
groups = ["main"]
files = [
    {file = "tree-sitter-0.25.2.tar.gz", hash = "sha256:fe43c158555da46723b28b52e058ad444195afd1db3ca7720c59a254544e9c20"},
    {file = "tree_sitter-0.25.2-cp310-cp310-macosx_10_9_x86_64.whl", hash = "sha256:72a510931c3c25f134aac2daf4eb4feca99ffe37a35896d7150e50ac3eee06c7"},
    {file = "tree_sitter-0.25.2-cp310-cp310-macosx_11_0_arm64.whl", hash = "sha256:44488e0e78146f87baaa009736886516779253d6d6bac3ef636ede72bc6a8234"},
    {file = "tree_sitter-0.25.2-cp310-cp310-manylinux2014_aarch64.manylinux_2_17_aarch64.manylinux_2_28_aarch64.whl", hash = "sha256:c2f8e7d6b2f8489d4a9885e3adcaef4bc5ff0a275acd990f120e29c4ab3395c5"},
    {file = "tree_sitter-0.25.2-cp310-cp310-manylinux2014_x86_64.manylinux_2_17_x86_64.manylinux_2_28_x86_64.whl", hash = "sha256:20b570690f87f1da424cd690e51cc56728d21d63f4abd4b326d382a30353acc7"},
    {file = "tree_sitter-0.25.2-cp310-cp310-musllinux_1_2_x86_64.whl", hash = "sha256:a0ec41b895da717bc218a42a3a7a0bfcfe9a213d7afaa4255353901e0e21f696"},
    {file = "tree_sitter-0.25.2-cp310-cp310-win_amd64.whl", hash = "sha256:7712335855b2307a21ae86efe949c76be36c6068d76df34faa27ce9ee40ff444"},
    {file = "tree_sitter-0.25.2-cp310-cp310-win_arm64.whl", hash = "sha256:a925364eb7fbb9cdce55a9868f7525a1905af512a559303bd54ef468fd88cb37"},
    {file = "tree_sitter-0.25.2-cp311-cp311-macosx_10_9_x86_64.whl", hash = "sha256:b8ca72d841215b6573ed0655b3a5cd1133f9b69a6fa561aecad40dca9029d75b"},
    {file = "tree_sitter-0.25.2-cp311-cp311-macosx_11_0_arm64.whl", hash = "sha256:cc0351cfe5022cec5a77645f647f92a936b38850346ed3f6d6babfbeeeca4d26"},
    {file = "tree_sitter-0.25.2-cp311-cp311-manylinux2014_aarch64.manylinux_2_17_aarch64.manylinux_2_28_aarch64.whl", hash = "sha256:1799609636c0193e16c38f366bda5af15b1ce476df79ddaae7dd274df9e44266"},
    {file = "tree_sitter-0.25.2-cp311-cp311-manylinux2014_x86_64.manylinux_2_17_x86_64.manylinux_2_28_x86_64.whl", hash = "sha256:3e65ae456ad0d210ee71a89ee112ac7e72e6c2e5aac1b95846ecc7afa68a194c"},
    {file = "tree_sitter-0.25.2-cp311-cp311-musllinux_1_2_x86_64.whl", hash = "sha256:49ee3c348caa459244ec437ccc7ff3831f35977d143f65311572b8ba0a5f265f"},
    {file = "tree_sitter-0.25.2-cp311-cp311-win_amd64.whl", hash = "sha256:56ac6602c7d09c2c507c55e58dc7026b8988e0475bd0002f8a386cce5e8e8adc"},
    {file = "tree_sitter-0.25.2-cp311-cp311-win_arm64.whl", hash = "sha256:b3d11a3a3ac89bb8a2543d75597f905a9926f9c806f40fcca8242922d1cc6ad5"},
    {file = "tree_sitter-0.25.2-cp312-cp312-macosx_10_13_x86_64.whl", hash = "sha256:ddabfff809ffc983fc9963455ba1cecc90295803e06e140a4c83e94c1fa3d960"},
    {file = "tree_sitter-0.25.2-cp312-cp312-macosx_11_0_arm64.whl", hash = "sha256:c0c0ab5f94938a23fe81928a21cc0fac44143133ccc4eb7eeb1b92f84748331c"},
    {file = "tree_sitter-0.25.2-cp312-cp312-manylinux2014_aarch64.manylinux_2_17_aarch64.manylinux_2_28_aarch64.whl", hash = "sha256:dd12d80d91d4114ca097626eb82714618dcdfacd6a5e0955216c6485c350ef99"},
    {file = "tree_sitter-0.25.2-cp312-cp312-manylinux2014_x86_64.manylinux_2_17_x86_64.manylinux_2_28_x86_64.whl", hash = "sha256:b43a9e4c89d4d0839de27cd4d6902d33396de700e9ff4c5ab7631f277a85ead9"},
    {file = "tree_sitter-0.25.2-cp312-cp312-musllinux_1_2_x86_64.whl", hash = "sha256:fbb1706407c0e451c4f8cc016fec27d72d4b211fdd3173320b1ada7a6c74c3ac"},
    {file = "tree_sitter-0.25.2-cp312-cp312-win_amd64.whl", hash = "sha256:6d0302550bbe4620a5dc7649517c4409d74ef18558276ce758419cf09e578897"},
    {file = "tree_sitter-0.25.2-cp312-cp312-win_arm64.whl", hash = "sha256:0c8b6682cac77e37cfe5cf7ec388844957f48b7bd8d6321d0ca2d852994e10d5"},
    {file = "tree_sitter-0.25.2-cp313-cp313-macosx_10_13_x86_64.whl", hash = "sha256:0628671f0de69bb279558ef6b640bcfc97864fe0026d840f872728a86cd6b6cd"},
    {file = "tree_sitter-0.25.2-cp313-cp313-macosx_11_0_arm64.whl", hash = "sha256:f5ddcd3e291a749b62521f71fc953f66f5fd9743973fd6dd962b092773569601"},
    {file = "tree_sitter-0.25.2-cp313-cp313-manylinux2014_aarch64.manylinux_2_17_aarch64.manylinux_2_28_aarch64.whl", hash = "sha256:bd88fbb0f6c3a0f28f0a68d72df88e9755cf5215bae146f5a1bdc8362b772053"},
    {file = "tree_sitter-0.25.2-cp313-cp313-manylinux2014_x86_64.manylinux_2_17_x86_64.manylinux_2_28_x86_64.whl", hash = "sha256:b878e296e63661c8e124177cc3084b041ba3f5936b43076d57c487822426f614"},
    {file = "tree_sitter-0.25.2-cp313-cp313-musllinux_1_2_x86_64.whl", hash = "sha256:d77605e0d353ba3fe5627e5490f0fbfe44141bafa4478d88ef7954a61a848dae"},
    {file = "tree_sitter-0.25.2-cp313-cp313-win_amd64.whl", hash = "sha256:463c032bd02052d934daa5f45d183e0521ceb783c2548501cf034b0beba92c9b"},
    {file = "tree_sitter-0.25.2-cp313-cp313-win_arm64.whl", hash = "sha256:b3f63a1796886249bd22c559a5944d64d05d43f2be72961624278eff0dcc5cb8"},
    {file = "tree_sitter-0.25.2-cp314-cp314-macosx_10_13_x86_64.whl", hash = "sha256:65d3c931013ea798b502782acab986bbf47ba2c452610ab0776cf4a8ef150fc0"},
    {file = "tree_sitter-0.25.2-cp314-cp314-macosx_11_0_arm64.whl", hash = "sha256:bda059af9d621918efb813b22fb06b3fe00c3e94079c6143fcb2c565eb44cb87"},
    {file = "tree_sitter-0.25.2-cp314-cp314-manylinux2014_aarch64.manylinux_2_17_aarch64.manylinux_2_28_aarch64.whl", hash = "sha256:eac4e8e4c7060c75f395feec46421eb61212cb73998dbe004b7384724f3682ab"},
    {file = "tree_sitter-0.25.2-cp314-cp314-manylinux2014_x86_64.manylinux_2_17_x86_64.manylinux_2_28_x86_64.whl", hash = "sha256:260586381b23be33b6191a07cea3d44ecbd6c01aa4c6b027a0439145fcbc3358"},
    {file = "tree_sitter-0.25.2-cp314-cp314-musllinux_1_2_x86_64.whl", hash = "sha256:7d2ee1acbacebe50ba0f85fff1bc05e65d877958f00880f49f9b2af38dce1af0"},
    {file = "tree_sitter-0.25.2-cp314-cp314-win_amd64.whl", hash = "sha256:4973b718fcadfb04e59e746abfbb0288694159c6aeecd2add59320c03368c721"},
    {file = "tree_sitter-0.25.2-cp314-cp314-win_arm64.whl", hash = "sha256:b8d4429954a3beb3e844e2872610d2a4800ba4eb42bb1990c6a4b1949b18459f"},
]

[package.extras]
docs = ["sphinx (>=8.1,<9.0)", "sphinx-book-theme"]
tests = ["tree-sitter-html (>=0.23.2)", "tree-sitter-javascript (>=0.23.1)", "tree-sitter-json (>=0.24.8)", "tree-sitter-python (>=0.23.6)", "tree-sitter-rust (>=0.23.2)"]

[[package]]
name = "tree-sitter-language-pack"
version = "1.8.1"
description = "Pre-compiled tree-sitter grammars for 305 programming languages"
optional = false
python-versions = ">=3.10"
groups = ["main"]
files = [
    {file = "tree_sitter_language_pack-1.8.1-cp310-abi3-macosx_10_12_x86_64.whl", hash = "sha256:b0e3cd56dc359dbd623cc90df09494be4de1605628e53f92b981cd78a7de1a81"},
    {file = "tree_sitter_language_pack-1.8.1-cp310-abi3-macosx_11_0_arm64.whl", hash = "sha256:a5c378bf1b920fa2470a668a7bf20b2e99a9288641bf6a04c5cfb8051fe91ea1"},
    {file = "tree_sitter_language_pack-1.8.1-cp310-abi3-manylinux_2_34_aarch64.whl", hash = "sha256:fa15da867ca257353fa4a709fb6c10f2fcc4b8c0899f27b883872c2feeaac61e"},
    {file = "tree_sitter_language_pack-1.8.1-cp310-abi3-manylinux_2_34_x86_64.whl", hash = "sha256:79c5a3ce9a912dfddd08147cc14c91f7baa152ca18d39591eb3db8471e42400d"},
    {file = "tree_sitter_language_pack-1.8.1-cp310-abi3-win_amd64.whl", hash = "sha256:572a8c0b1528bd150366399f04deb9e8c8d30c5b5a3ee7dabca898c4eab22a9a"},
    {file = "tree_sitter_language_pack-1.8.1-cp310-abi3-win_arm64.whl", hash = "sha256:018d0a60eeb8de1aa79ac5ed1cba42643d93d4da140c77640ac1576b541e68b9"},
    {file = "tree_sitter_language_pack-1.8.1.tar.gz", hash = "sha256:800f8a92a2238e1b3abcc25cc86fd3a1b1d3392263c49266640c1b079a8e625e"},
]

[package.dependencies]
tree-sitter = ">=0.25.2"

[[package]]
name = "typing-extensions"
version = "4.15.0"
description = "Backported and Experimental Type Hints for Python 3.9+"
optional = true
python-versions = ">=3.9"
groups = ["main"]
markers = "extra == \"dev\""
files = [
    {file = "typing_extensions-4.15.0-py3-none-any.whl", hash = "sha256:f0fa19c6845758ab08074a0cfa8b7aecb71c999ca73d62883bc25cc018c4e548"},
    {file = "typing_extensions-4.15.0.tar.gz", hash = "sha256:0cea48d173cc12fa28ecabc3b837ea3cf6f38c6d1136f85cbaaf598984861466"},
]

[extras]
dev = ["pyright", "ruff"]

[metadata]
lock-version = "2.1"
python-versions = ">=3.10"
content-hash = "3eda69dbce34d621095ec358f41c47b21df1fb86be1fdf08ddeff734408640f7"
