version = 1
revision = 3
requires-python = ">=3.12"

[[package]]
name = "colorama"
version = "0.4.6"
source = { registry = "https://pypi.org/simple" }
sdist = { url = "https://files.pythonhosted.org/packages/d8/53/6f443c9a4a8358a93a6792e2acffb9d9d5cb0a5cfd8802644b7b1c9a02e4/colorama-0.4.6.tar.gz", hash = "sha256:08695f5cb7ed6e0531a20572697297273c47b8cae5a63ffc6d6ed5c201be6e44", size = 27697, upload-time = "2022-10-25T02:36:22.414Z" }
wheels = [
    { url = "https://files.pythonhosted.org/packages/d1/d6/3965ed04c63042e047cb6a3e6ed1a63a35087b6a609aa3a15ed8ac56c221/colorama-0.4.6-py2.py3-none-any.whl", hash = "sha256:4f1d9991f5acc0ca119f9d443620b77f9d6b33703e51011c16baf57afb285fc6", size = 25335, upload-time = "2022-10-25T02:36:20.889Z" },
]

[[package]]
name = "iniconfig"
version = "2.3.0"
source = { registry = "https://pypi.org/simple" }
sdist = { url = "https://files.pythonhosted.org/packages/72/34/14ca021ce8e5dfedc35312d08ba8bf51fdd999c576889fc2c24cb97f4f10/iniconfig-2.3.0.tar.gz", hash = "sha256:c76315c77db068650d49c5b56314774a7804df16fee4402c1f19d6d15d8c4730", size = 20503, upload-time = "2025-10-18T21:55:43.219Z" }
wheels = [
    { url = "https://files.pythonhosted.org/packages/cb/b1/3846dd7f199d53cb17f49cba7e651e9ce294d8497c8c150530ed11865bb8/iniconfig-2.3.0-py3-none-any.whl", hash = "sha256:f631c04d2c48c52b84d0d0549c99ff3859c98df65b3101406327ecc7d53fbf12", size = 7484, upload-time = "2025-10-18T21:55:41.639Z" },
]

[[package]]
name = "nirjas"
version = "0.1.0"
source = { virtual = "." }
dependencies = [
    { name = "tree-sitter" },
    { name = "tree-sitter-language-pack" },
]

[package.dev-dependencies]
dev = [
    { name = "pytest" },
]

[package.metadata]
requires-dist = [
    { name = "tree-sitter", specifier = ">=0.25.2" },
    { name = "tree-sitter-language-pack", specifier = ">=1.1.2" },
]

[package.metadata.requires-dev]
dev = [{ name = "pytest", specifier = ">=9.0.2" }]

[[package]]
name = "packaging"
version = "26.0"
source = { registry = "https://pypi.org/simple" }
sdist = { url = "https://files.pythonhosted.org/packages/65/ee/299d360cdc32edc7d2cf530f3accf79c4fca01e96ffc950d8a52213bd8e4/packaging-26.0.tar.gz", hash = "sha256:00243ae351a257117b6a241061796684b084ed1c516a08c48a3f7e147a9d80b4", size = 143416, upload-time = "2026-01-21T20:50:39.064Z" }
wheels = [
    { url = "https://files.pythonhosted.org/packages/b7/b9/c538f279a4e237a006a2c98387d081e9eb060d203d8ed34467cc0f0b9b53/packaging-26.0-py3-none-any.whl", hash = "sha256:b36f1fef9334a5588b4166f8bcd26a14e521f2b55e6b9de3aaa80d3ff7a37529", size = 74366, upload-time = "2026-01-21T20:50:37.788Z" },
]

[[package]]
name = "pluggy"
version = "1.6.0"
source = { registry = "https://pypi.org/simple" }
sdist = { url = "https://files.pythonhosted.org/packages/f9/e2/3e91f31a7d2b083fe6ef3fa267035b518369d9511ffab804f839851d2779/pluggy-1.6.0.tar.gz", hash = "sha256:7dcc130b76258d33b90f61b658791dede3486c3e6bfb003ee5c9bfb396dd22f3", size = 69412, upload-time = "2025-05-15T12:30:07.975Z" }
wheels = [
    { url = "https://files.pythonhosted.org/packages/54/20/4d324d65cc6d9205fabedc306948156824eb9f0ee1633355a8f7ec5c66bf/pluggy-1.6.0-py3-none-any.whl", hash = "sha256:e920276dd6813095e9377c0bc5566d94c932c33b27a3e3945d8389c374dd4746", size = 20538, upload-time = "2025-05-15T12:30:06.134Z" },
]

[[package]]
name = "pygments"
version = "2.19.2"
source = { registry = "https://pypi.org/simple" }
sdist = { url = "https://files.pythonhosted.org/packages/b0/77/a5b8c569bf593b0140bde72ea885a803b82086995367bf2037de0159d924/pygments-2.19.2.tar.gz", hash = "sha256:636cb2477cec7f8952536970bc533bc43743542f70392ae026374600add5b887", size = 4968631, upload-time = "2025-06-21T13:39:12.283Z" }
wheels = [
    { url = "https://files.pythonhosted.org/packages/c7/21/705964c7812476f378728bdf590ca4b771ec72385c533964653c68e86bdc/pygments-2.19.2-py3-none-any.whl", hash = "sha256:86540386c03d588bb81d44bc3928634ff26449851e99741617ecb9037ee5ec0b", size = 1225217, upload-time = "2025-06-21T13:39:07.939Z" },
]

[[package]]
name = "pytest"
version = "9.0.2"
source = { registry = "https://pypi.org/simple" }
dependencies = [
    { name = "colorama", marker = "sys_platform == 'win32'" },
    { name = "iniconfig" },
    { name = "packaging" },
    { name = "pluggy" },
    { name = "pygments" },
]
sdist = { url = "https://files.pythonhosted.org/packages/d1/db/7ef3487e0fb0049ddb5ce41d3a49c235bf9ad299b6a25d5780a89f19230f/pytest-9.0.2.tar.gz", hash = "sha256:75186651a92bd89611d1d9fc20f0b4345fd827c41ccd5c299a868a05d70edf11", size = 1568901, upload-time = "2025-12-06T21:30:51.014Z" }
wheels = [
    { url = "https://files.pythonhosted.org/packages/3b/ab/b3226f0bd7cdcf710fbede2b3548584366da3b19b5021e74f5bde2a8fa3f/pytest-9.0.2-py3-none-any.whl", hash = "sha256:711ffd45bf766d5264d487b917733b453d917afd2b0ad65223959f59089f875b", size = 374801, upload-time = "2025-12-06T21:30:49.154Z" },
]

[[package]]
name = "tree-sitter"
version = "0.25.2"
source = { registry = "https://pypi.org/simple" }
sdist = { url = "https://files.pythonhosted.org/packages/66/7c/0350cfc47faadc0d3cf7d8237a4e34032b3014ddf4a12ded9933e1648b55/tree-sitter-0.25.2.tar.gz", hash = "sha256:fe43c158555da46723b28b52e058ad444195afd1db3ca7720c59a254544e9c20", size = 177961, upload-time = "2025-09-25T17:37:59.751Z" }
wheels = [
    { url = "https://files.pythonhosted.org/packages/3c/9e/20c2a00a862f1c2897a436b17edb774e831b22218083b459d0d081c9db33/tree_sitter-0.25.2-cp312-cp312-macosx_10_13_x86_64.whl", hash = "sha256:ddabfff809ffc983fc9963455ba1cecc90295803e06e140a4c83e94c1fa3d960", size = 146941, upload-time = "2025-09-25T17:37:34.813Z" },
    { url = "https://files.pythonhosted.org/packages/ef/04/8512e2062e652a1016e840ce36ba1cc33258b0dcc4e500d8089b4054afec/tree_sitter-0.25.2-cp312-cp312-macosx_11_0_arm64.whl", hash = "sha256:c0c0ab5f94938a23fe81928a21cc0fac44143133ccc4eb7eeb1b92f84748331c", size = 137699, upload-time = "2025-09-25T17:37:36.349Z" },
    { url = "https://files.pythonhosted.org/packages/47/8a/d48c0414db19307b0fb3bb10d76a3a0cbe275bb293f145ee7fba2abd668e/tree_sitter-0.25.2-cp312-cp312-manylinux2014_aarch64.manylinux_2_17_aarch64.manylinux_2_28_aarch64.whl", hash = "sha256:dd12d80d91d4114ca097626eb82714618dcdfacd6a5e0955216c6485c350ef99", size = 607125, upload-time = "2025-09-25T17:37:37.725Z" },
    { url = "https://files.pythonhosted.org/packages/39/d1/b95f545e9fc5001b8a78636ef942a4e4e536580caa6a99e73dd0a02e87aa/tree_sitter-0.25.2-cp312-cp312-manylinux2014_x86_64.manylinux_2_17_x86_64.manylinux_2_28_x86_64.whl", hash = "sha256:b43a9e4c89d4d0839de27cd4d6902d33396de700e9ff4c5ab7631f277a85ead9", size = 635418, upload-time = "2025-09-25T17:37:38.922Z" },
    { url = "https://files.pythonhosted.org/packages/de/4d/b734bde3fb6f3513a010fa91f1f2875442cdc0382d6a949005cd84563d8f/tree_sitter-0.25.2-cp312-cp312-musllinux_1_2_x86_64.whl", hash = "sha256:fbb1706407c0e451c4f8cc016fec27d72d4b211fdd3173320b1ada7a6c74c3ac", size = 631250, upload-time = "2025-09-25T17:37:40.039Z" },
    { url = "https://files.pythonhosted.org/packages/46/f2/5f654994f36d10c64d50a192239599fcae46677491c8dd53e7579c35a3e3/tree_sitter-0.25.2-cp312-cp312-win_amd64.whl", hash = "sha256:6d0302550bbe4620a5dc7649517c4409d74ef18558276ce758419cf09e578897", size = 127156, upload-time = "2025-09-25T17:37:41.132Z" },
    { url = "https://files.pythonhosted.org/packages/67/23/148c468d410efcf0a9535272d81c258d840c27b34781d625f1f627e2e27d/tree_sitter-0.25.2-cp312-cp312-win_arm64.whl", hash = "sha256:0c8b6682cac77e37cfe5cf7ec388844957f48b7bd8d6321d0ca2d852994e10d5", size = 113984, upload-time = "2025-09-25T17:37:42.074Z" },
    { url = "https://files.pythonhosted.org/packages/8c/67/67492014ce32729b63d7ef318a19f9cfedd855d677de5773476caf771e96/tree_sitter-0.25.2-cp313-cp313-macosx_10_13_x86_64.whl", hash = "sha256:0628671f0de69bb279558ef6b640bcfc97864fe0026d840f872728a86cd6b6cd", size = 146926, upload-time = "2025-09-25T17:37:43.041Z" },
    { url = "https://files.pythonhosted.org/packages/4e/9c/a278b15e6b263e86c5e301c82a60923fa7c59d44f78d7a110a89a413e640/tree_sitter-0.25.2-cp313-cp313-macosx_11_0_arm64.whl", hash = "sha256:f5ddcd3e291a749b62521f71fc953f66f5fd9743973fd6dd962b092773569601", size = 137712, upload-time = "2025-09-25T17:37:44.039Z" },
    { url = "https://files.pythonhosted.org/packages/54/9a/423bba15d2bf6473ba67846ba5244b988cd97a4b1ea2b146822162256794/tree_sitter-0.25.2-cp313-cp313-manylinux2014_aarch64.manylinux_2_17_aarch64.manylinux_2_28_aarch64.whl", hash = "sha256:bd88fbb0f6c3a0f28f0a68d72df88e9755cf5215bae146f5a1bdc8362b772053", size = 607873, upload-time = "2025-09-25T17:37:45.477Z" },
    { url = "https://files.pythonhosted.org/packages/ed/4c/b430d2cb43f8badfb3a3fa9d6cd7c8247698187b5674008c9d67b2a90c8e/tree_sitter-0.25.2-cp313-cp313-manylinux2014_x86_64.manylinux_2_17_x86_64.manylinux_2_28_x86_64.whl", hash = "sha256:b878e296e63661c8e124177cc3084b041ba3f5936b43076d57c487822426f614", size = 636313, upload-time = "2025-09-25T17:37:46.68Z" },
    { url = "https://files.pythonhosted.org/packages/9d/27/5f97098dbba807331d666a0997662e82d066e84b17d92efab575d283822f/tree_sitter-0.25.2-cp313-cp313-musllinux_1_2_x86_64.whl", hash = "sha256:d77605e0d353ba3fe5627e5490f0fbfe44141bafa4478d88ef7954a61a848dae", size = 631370, upload-time = "2025-09-25T17:37:47.993Z" },
    { url = "https://files.pythonhosted.org/packages/d4/3c/87caaed663fabc35e18dc704cd0e9800a0ee2f22bd18b9cbe7c10799895d/tree_sitter-0.25.2-cp313-cp313-win_amd64.whl", hash = "sha256:463c032bd02052d934daa5f45d183e0521ceb783c2548501cf034b0beba92c9b", size = 127157, upload-time = "2025-09-25T17:37:48.967Z" },
    { url = "https://files.pythonhosted.org/packages/d5/23/f8467b408b7988aff4ea40946a4bd1a2c1a73d17156a9d039bbaff1e2ceb/tree_sitter-0.25.2-cp313-cp313-win_arm64.whl", hash = "sha256:b3f63a1796886249bd22c559a5944d64d05d43f2be72961624278eff0dcc5cb8", size = 113975, upload-time = "2025-09-25T17:37:49.922Z" },
    { url = "https://files.pythonhosted.org/packages/07/e3/d9526ba71dfbbe4eba5e51d89432b4b333a49a1e70712aa5590cd22fc74f/tree_sitter-0.25.2-cp314-cp314-macosx_10_13_x86_64.whl", hash = "sha256:65d3c931013ea798b502782acab986bbf47ba2c452610ab0776cf4a8ef150fc0", size = 146776, upload-time = "2025-09-25T17:37:50.898Z" },
    { url = "https://files.pythonhosted.org/packages/42/97/4bd4ad97f85a23011dd8a535534bb1035c4e0bac1234d58f438e15cff51f/tree_sitter-0.25.2-cp314-cp314-macosx_11_0_arm64.whl", hash = "sha256:bda059af9d621918efb813b22fb06b3fe00c3e94079c6143fcb2c565eb44cb87", size = 137732, upload-time = "2025-09-25T17:37:51.877Z" },
    { url = "https://files.pythonhosted.org/packages/b6/19/1e968aa0b1b567988ed522f836498a6a9529a74aab15f09dd9ac1e41f505/tree_sitter-0.25.2-cp314-cp314-manylinux2014_aarch64.manylinux_2_17_aarch64.manylinux_2_28_aarch64.whl", hash = "sha256:eac4e8e4c7060c75f395feec46421eb61212cb73998dbe004b7384724f3682ab", size = 609456, upload-time = "2025-09-25T17:37:52.925Z" },
    { url = "https://files.pythonhosted.org/packages/48/b6/cf08f4f20f4c9094006ef8828555484e842fc468827ad6e56011ab668dbd/tree_sitter-0.25.2-cp314-cp314-manylinux2014_x86_64.manylinux_2_17_x86_64.manylinux_2_28_x86_64.whl", hash = "sha256:260586381b23be33b6191a07cea3d44ecbd6c01aa4c6b027a0439145fcbc3358", size = 636772, upload-time = "2025-09-25T17:37:54.647Z" },
    { url = "https://files.pythonhosted.org/packages/57/e2/d42d55bf56360987c32bc7b16adb06744e425670b823fb8a5786a1cea991/tree_sitter-0.25.2-cp314-cp314-musllinux_1_2_x86_64.whl", hash = "sha256:7d2ee1acbacebe50ba0f85fff1bc05e65d877958f00880f49f9b2af38dce1af0", size = 631522, upload-time = "2025-09-25T17:37:55.833Z" },
    { url = "https://files.pythonhosted.org/packages/03/87/af9604ebe275a9345d88c3ace0cf2a1341aa3f8ef49dd9fc11662132df8a/tree_sitter-0.25.2-cp314-cp314-win_amd64.whl", hash = "sha256:4973b718fcadfb04e59e746abfbb0288694159c6aeecd2add59320c03368c721", size = 130864, upload-time = "2025-09-25T17:37:57.453Z" },
    { url = "https://files.pythonhosted.org/packages/a6/6e/e64621037357acb83d912276ffd30a859ef117f9c680f2e3cb955f47c680/tree_sitter-0.25.2-cp314-cp314-win_arm64.whl", hash = "sha256:b8d4429954a3beb3e844e2872610d2a4800ba4eb42bb1990c6a4b1949b18459f", size = 117470, upload-time = "2025-09-25T17:37:58.431Z" },
]

[[package]]
name = "tree-sitter-language-pack"
version = "1.1.2"
source = { registry = "https://pypi.org/simple" }
dependencies = [
    { name = "tree-sitter" },
]
wheels = [
    { url = "https://files.pythonhosted.org/packages/48/02/ca1dcb0434c225b1ce2fd41460a14f4684db36b0f35ec5fc937fba587010/tree_sitter_language_pack-1.1.2-cp310-abi3-macosx_11_0_arm64.whl", hash = "sha256:1672eb14b897a9178173b2ec4e9271a4b5c45850fd3cc5c3d65ef4a3005285d1", size = 2018612, upload-time = "2026-03-23T17:32:33.404Z" },
    { url = "https://files.pythonhosted.org/packages/38/df/2f105ed5dc61cc49331f1b8424446159ec3aa0d953ef5d42f5b5b5cd09fd/tree_sitter_language_pack-1.1.2-cp310-abi3-manylinux_2_34_aarch64.whl", hash = "sha256:223b8eb605ca8deec5ececd7e960eb9e7ad6886cfc5d0023bbcbce727a36e671", size = 2192031, upload-time = "2026-03-23T17:32:34.99Z" },
    { url = "https://files.pythonhosted.org/packages/64/66/8effcbc880ecc4230f17598c4129dbf42de03c913dea5a10870b7925aeaa/tree_sitter_language_pack-1.1.2-cp310-abi3-manylinux_2_34_x86_64.whl", hash = "sha256:51e86bca31a30af257be6e1a75796e40e31781c0717f494a165fd52a9c07fbad", size = 2333157, upload-time = "2026-03-23T17:32:36.325Z" },
    { url = "https://files.pythonhosted.org/packages/5e/4c/f6bcfecc1fecea2194c2a069dd66dd23c12dc82b75bc146e6430e60632af/tree_sitter_language_pack-1.1.2-cp310-abi3-win_amd64.whl", hash = "sha256:07b67a9a4c4b6045bae6f3d30c73627ff2dc1af63be4bb390f3ef8789829d15c", size = 2126566, upload-time = "2026-03-23T17:32:37.692Z" },
]
